# THIS IS AN AUTOGENERATED FILE. DO NOT EDIT THIS FILE DIRECTLY.
# yarn lockfile v1


"@types/node@>=14":
  version "15.0.1"
  resolved "https://registry.yarnpkg.com/@types/node/-/node-15.0.1.tgz#ef34dea0881028d11398be5bf4e856743e3dc35a"
  integrity sha512-TMkXt0Ck1y0KKsGr9gJtWGjttxlZnnvDtphxUOSd0bfaR6Q1jle+sPvrzNR1urqYTWMinoKvjKfXUGsumaO1PA==

"@types/os-utils@^0.0.1":
  version "0.0.1"
  resolved "https://registry.yarnpkg.com/@types/os-utils/-/os-utils-0.0.1.tgz#f1ec7830c60be563d6e9566a0ae3b23ea5497493"
  integrity sha512-r5a1I4xr8e25GFiLdpHV+jHUawtbmtuCQHR1P3SH/Y1gmRy0KLjBVGe5uUkODU/6GntoGPhOu05jv+sBdAVpog==

os-utils@^0.0.14:
  version "0.0.14"
  resolved "https://registry.yarnpkg.com/os-utils/-/os-utils-0.0.14.tgz#29e511697b1982b8c627722175fe39797ef64156"
  integrity sha1-KeURaXsZgrjGJ3Ihdf45eX72QVY=
